
Microsoft Visual Studio Solution File, Format Version 12.00
# Visual Studio Version 16
VisualStudioVersion = 16.0.31205.134
MinimumVisualStudioVersion = 10.0.40219.1
Project("{FAE04EC0-301F-11D3-BF4B-00C04F79EFBC}") = "Asp.NetBD1", "Asp.NetBD1\Asp.NetBD1.csproj", "{453F0DD2-B951-4FC7-8E00-54EA663347F9}"
EndProject
Global
	GlobalSection(SolutionConfigurationPlatforms) = preSolution
		Debug|Any CPU = Debug|Any CPU
		Release|Any CPU = Release|Any CPU
	EndGlobalSection
	GlobalSection(ProjectConfigurationPlatforms) = postSolution
		{453F0DD2-B951-4FC7-8E00-54EA663347F9}.Debug|Any CPU.ActiveCfg = Debug|Any CPU
		{453F0DD2-B951-4FC7-8E00-54EA663347F9}.Debug|Any CPU.Build.0 = Debug|Any CPU
		{453F0DD2-B951-4FC7-8E00-54EA663347F9}.Release|Any CPU.ActiveCfg = Release|Any CPU
		{453F0DD2-B951-4FC7-8E00-54EA663347F9}.Release|Any CPU.Build.0 = Release|Any CPU
	EndGlobalSection
	GlobalSection(SolutionProperties) = preSolution
		HideSolutionNode = FALSE
	EndGlobalSection
	GlobalSection(ExtensibilityGlobals) = postSolution
		SolutionGuid = {E0F3DAF1-E708-4F6F-AE56-04D05A1CDCFF}
	EndGlobalSection
EndGlobal
